github.com/girishshekhar/girishshekhar-theme v0.0.0-20260126045025-c80f0c5fd6e3 h1:2juYdaUO7Ik8vrw5IYF8LK8JxqnFtDb9K4VaJ82eAP4=
github.com/girishshekhar/girishshekhar-theme v0.0.0-20260126045025-c80f0c5fd6e3/go.mod h1:u2cCYBVRBV+3x+E8N2ShMqzkZw3HQOk+Gu5VAQoZ7vg=
github.com/girishshekhar/girishshekhar-theme v0.0.0-20260126045416-e5402591455f h1:wKODw0MczjL3+9JRdYLlWjdrIbOSWRlzgqKI2pAK6ZQ=
github.com/girishshekhar/girishshekhar-theme v0.0.0-20260126045416-e5402591455f/go.mod h1:u2cCYBVRBV+3x+E8N2ShMqzkZw3HQOk+Gu5VAQoZ7vg=
github.com/girishshekhar/girishshekhar-theme v0.0.0-20260127045036-3c01e70b7fbb h1:4TzMggqOI3CXpTRTdw2uXzqp5MdvTVJP8GFCeB2aC2o=
github.com/girishshekhar/girishshekhar-theme v0.0.0-20260127045036-3c01e70b7fbb/go.mod h1:u2cCYBVRBV+3x+E8N2ShMqzkZw3HQOk+Gu5VAQoZ7vg=
github.com/girishshekhar/girishshekhar-theme v0.0.0-20260128060746-2e9531ecf2f4 h1:Y2SErjo8nFQN4n3zH1h5jfL9nQOSCtk2wauef8ZMIAE=
github.com/girishshekhar/girishshekhar-theme v0.0.0-20260128060746-2e9531ecf2f4/go.mod h1:u2cCYBVRBV+3x+E8N2ShMqzkZw3HQOk+Gu5VAQoZ7vg=
